
Microsoft Visual Studio Solution File, Format Version 12.00
# Visual Studio 2013
VisualStudioVersion = 12.0.31101.0
MinimumVisualStudioVersion = 10.0.40219.1
Project("{2150E333-8FDC-42A3-9474-1A3956D46DE8}") = "base", "base", "{5C8DBA4D-B799-47DA-AFFE-1869A7141339}"
EndProject
Project("{2150E333-8FDC-42A3-9474-1A3956D46DE8}") = "service", "service", "{A28E654A-A58A-40D2-9858-13311BEB3121}"
EndProject
Project("{2150E333-8FDC-42A3-9474-1A3956D46DE8}") = "test", "test", "{3F3B4849-4AAF-458B-BC5E-F50E7F313D0C}"
EndProject
Project("{8BC9CEB8-8B4A-11D0-8D11-00A0C91BC942}") = "vistek_logger", "..\common\vistek_logger\vistek_logger.vcxproj", "{68202A9F-D6CE-4D1A-B46F-EABE108213AA}"
EndProject
Project("{8BC9CEB8-8B4A-11D0-8D11-00A0C91BC942}") = "vistek_util", "..\common\vistek_util\vistek_util.vcxproj", "{D3B67796-62C1-4E1B-B582-135DA78DA0AA}"
EndProject
Project("{8BC9CEB8-8B4A-11D0-8D11-00A0C91BC942}") = "device_host", "..\device_host\device_host.vcxproj", "{04CC5CF2-9947-49EE-B9CC-72467447E78E}"
EndProject
Project("{8BC9CEB8-8B4A-11D0-8D11-00A0C91BC942}") = "libasio", "..\common\libasio\libasio.vcxproj", "{177AEED0-03FC-4016-9000-7EA43EB1ED01}"
EndProject
Project("{8BC9CEB8-8B4A-11D0-8D11-00A0C91BC942}") = "device_manager_test", "..\test\device_manager_test\device_manager_test.vcxproj", "{3F8E3A76-CD50-42F1-A7DE-8F5CF68E9A47}"
EndProject
Project("{8BC9CEB8-8B4A-11D0-8D11-00A0C91BC942}") = "device_host_test", "..\test\device_host_test\device_host_test.vcxproj", "{351A20C5-5C02-4891-8AD9-E4F5FF7C9D1B}"
EndProject
Project("{8BC9CEB8-8B4A-11D0-8D11-00A0C91BC942}") = "device_manager", "..\device_manager\device_manager.vcxproj", "{0D73D46F-36EB-4B0A-8822-14CC28C9AAB9}"
EndProject
Global
	GlobalSection(SolutionConfigurationPlatforms) = preSolution
		Debug|Any CPU = Debug|Any CPU
		Debug|Mixed Platforms = Debug|Mixed Platforms
		Debug|Win32 = Debug|Win32
		Debug|x64 = Debug|x64
		Release|Any CPU = Release|Any CPU
		Release|Mixed Platforms = Release|Mixed Platforms
		Release|Win32 = Release|Win32
		Release|x64 = Release|x64
		xp|Any CPU = xp|Any CPU
		xp|Mixed Platforms = xp|Mixed Platforms
		xp|Win32 = xp|Win32
		xp|x64 = xp|x64
	EndGlobalSection
	GlobalSection(ProjectConfigurationPlatforms) = postSolution
		{68202A9F-D6CE-4D1A-B46F-EABE108213AA}.Debug|Any CPU.ActiveCfg = Debug|Win32
		{68202A9F-D6CE-4D1A-B46F-EABE108213AA}.Debug|Mixed Platforms.ActiveCfg = Debug|Win32
		{68202A9F-D6CE-4D1A-B46F-EABE108213AA}.Debug|Mixed Platforms.Build.0 = Debug|Win32
		{68202A9F-D6CE-4D1A-B46F-EABE108213AA}.Debug|Win32.ActiveCfg = Debug|Win32
		{68202A9F-D6CE-4D1A-B46F-EABE108213AA}.Debug|Win32.Build.0 = Debug|Win32
		{68202A9F-D6CE-4D1A-B46F-EABE108213AA}.Debug|x64.ActiveCfg = Debug|x64
		{68202A9F-D6CE-4D1A-B46F-EABE108213AA}.Debug|x64.Build.0 = Debug|x64
		{68202A9F-D6CE-4D1A-B46F-EABE108213AA}.Release|Any CPU.ActiveCfg = Release|Win32
		{68202A9F-D6CE-4D1A-B46F-EABE108213AA}.Release|Mixed Platforms.ActiveCfg = Release|Win32
		{68202A9F-D6CE-4D1A-B46F-EABE108213AA}.Release|Mixed Platforms.Build.0 = Release|Win32
		{68202A9F-D6CE-4D1A-B46F-EABE108213AA}.Release|Win32.ActiveCfg = Release|Win32
		{68202A9F-D6CE-4D1A-B46F-EABE108213AA}.Release|Win32.Build.0 = Release|Win32
		{68202A9F-D6CE-4D1A-B46F-EABE108213AA}.Release|x64.ActiveCfg = Release|x64
		{68202A9F-D6CE-4D1A-B46F-EABE108213AA}.Release|x64.Build.0 = Release|x64
		{68202A9F-D6CE-4D1A-B46F-EABE108213AA}.xp|Any CPU.ActiveCfg = xp|Win32
		{68202A9F-D6CE-4D1A-B46F-EABE108213AA}.xp|Mixed Platforms.ActiveCfg = xp|Win32
		{68202A9F-D6CE-4D1A-B46F-EABE108213AA}.xp|Mixed Platforms.Build.0 = xp|Win32
		{68202A9F-D6CE-4D1A-B46F-EABE108213AA}.xp|Win32.ActiveCfg = xp|Win32
		{68202A9F-D6CE-4D1A-B46F-EABE108213AA}.xp|Win32.Build.0 = xp|Win32
		{68202A9F-D6CE-4D1A-B46F-EABE108213AA}.xp|x64.ActiveCfg = xp|x64
		{68202A9F-D6CE-4D1A-B46F-EABE108213AA}.xp|x64.Build.0 = xp|x64
		{D3B67796-62C1-4E1B-B582-135DA78DA0AA}.Debug|Any CPU.ActiveCfg = Debug|Win32
		{D3B67796-62C1-4E1B-B582-135DA78DA0AA}.Debug|Mixed Platforms.ActiveCfg = Debug|Win32
		{D3B67796-62C1-4E1B-B582-135DA78DA0AA}.Debug|Mixed Platforms.Build.0 = Debug|Win32
		{D3B67796-62C1-4E1B-B582-135DA78DA0AA}.Debug|Win32.ActiveCfg = Debug|Win32
		{D3B67796-62C1-4E1B-B582-135DA78DA0AA}.Debug|Win32.Build.0 = Debug|Win32
		{D3B67796-62C1-4E1B-B582-135DA78DA0AA}.Debug|x64.ActiveCfg = Debug|x64
		{D3B67796-62C1-4E1B-B582-135DA78DA0AA}.Debug|x64.Build.0 = Debug|x64
		{D3B67796-62C1-4E1B-B582-135DA78DA0AA}.Release|Any CPU.ActiveCfg = Release|Win32
		{D3B67796-62C1-4E1B-B582-135DA78DA0AA}.Release|Mixed Platforms.ActiveCfg = Release|Win32
		{D3B67796-62C1-4E1B-B582-135DA78DA0AA}.Release|Mixed Platforms.Build.0 = Release|Win32
		{D3B67796-62C1-4E1B-B582-135DA78DA0AA}.Release|Win32.ActiveCfg = Release|Win32
		{D3B67796-62C1-4E1B-B582-135DA78DA0AA}.Release|Win32.Build.0 = Release|Win32
		{D3B67796-62C1-4E1B-B582-135DA78DA0AA}.Release|x64.ActiveCfg = Release|x64
		{D3B67796-62C1-4E1B-B582-135DA78DA0AA}.Release|x64.Build.0 = Release|x64
		{D3B67796-62C1-4E1B-B582-135DA78DA0AA}.xp|Any CPU.ActiveCfg = xp|Win32
		{D3B67796-62C1-4E1B-B582-135DA78DA0AA}.xp|Mixed Platforms.ActiveCfg = xp|Win32
		{D3B67796-62C1-4E1B-B582-135DA78DA0AA}.xp|Mixed Platforms.Build.0 = xp|Win32
		{D3B67796-62C1-4E1B-B582-135DA78DA0AA}.xp|Win32.ActiveCfg = xp|Win32
		{D3B67796-62C1-4E1B-B582-135DA78DA0AA}.xp|Win32.Build.0 = xp|Win32
		{D3B67796-62C1-4E1B-B582-135DA78DA0AA}.xp|x64.ActiveCfg = xp|x64
		{D3B67796-62C1-4E1B-B582-135DA78DA0AA}.xp|x64.Build.0 = xp|x64
		{04CC5CF2-9947-49EE-B9CC-72467447E78E}.Debug|Any CPU.ActiveCfg = Debug|Win32
		{04CC5CF2-9947-49EE-B9CC-72467447E78E}.Debug|Mixed Platforms.ActiveCfg = Debug|Win32
		{04CC5CF2-9947-49EE-B9CC-72467447E78E}.Debug|Mixed Platforms.Build.0 = Debug|Win32
		{04CC5CF2-9947-49EE-B9CC-72467447E78E}.Debug|Win32.ActiveCfg = Debug|Win32
		{04CC5CF2-9947-49EE-B9CC-72467447E78E}.Debug|Win32.Build.0 = Debug|Win32
		{04CC5CF2-9947-49EE-B9CC-72467447E78E}.Debug|x64.ActiveCfg = Debug|Win32
		{04CC5CF2-9947-49EE-B9CC-72467447E78E}.Release|Any CPU.ActiveCfg = Release|Win32
		{04CC5CF2-9947-49EE-B9CC-72467447E78E}.Release|Mixed Platforms.ActiveCfg = Release|Win32
		{04CC5CF2-9947-49EE-B9CC-72467447E78E}.Release|Mixed Platforms.Build.0 = Release|Win32
		{04CC5CF2-9947-49EE-B9CC-72467447E78E}.Release|Win32.ActiveCfg = Release|Win32
		{04CC5CF2-9947-49EE-B9CC-72467447E78E}.Release|Win32.Build.0 = Release|Win32
		{04CC5CF2-9947-49EE-B9CC-72467447E78E}.Release|x64.ActiveCfg = Release|Win32
		{04CC5CF2-9947-49EE-B9CC-72467447E78E}.xp|Any CPU.ActiveCfg = Release|Win32
		{04CC5CF2-9947-49EE-B9CC-72467447E78E}.xp|Mixed Platforms.ActiveCfg = Release|Win32
		{04CC5CF2-9947-49EE-B9CC-72467447E78E}.xp|Mixed Platforms.Build.0 = Release|Win32
		{04CC5CF2-9947-49EE-B9CC-72467447E78E}.xp|Win32.ActiveCfg = Release|Win32
		{04CC5CF2-9947-49EE-B9CC-72467447E78E}.xp|Win32.Build.0 = Release|Win32
		{04CC5CF2-9947-49EE-B9CC-72467447E78E}.xp|x64.ActiveCfg = Release|Win32
		{177AEED0-03FC-4016-9000-7EA43EB1ED01}.Debug|Any CPU.ActiveCfg = Debug|Win32
		{177AEED0-03FC-4016-9000-7EA43EB1ED01}.Debug|Mixed Platforms.ActiveCfg = Debug|Win32
		{177AEED0-03FC-4016-9000-7EA43EB1ED01}.Debug|Mixed Platforms.Build.0 = Debug|Win32
		{177AEED0-03FC-4016-9000-7EA43EB1ED01}.Debug|Win32.ActiveCfg = Debug|Win32
		{177AEED0-03FC-4016-9000-7EA43EB1ED01}.Debug|Win32.Build.0 = Debug|Win32
		{177AEED0-03FC-4016-9000-7EA43EB1ED01}.Debug|x64.ActiveCfg = Debug|Win32
		{177AEED0-03FC-4016-9000-7EA43EB1ED01}.Release|Any CPU.ActiveCfg = Release|Win32
		{177AEED0-03FC-4016-9000-7EA43EB1ED01}.Release|Mixed Platforms.ActiveCfg = Release|Win32
		{177AEED0-03FC-4016-9000-7EA43EB1ED01}.Release|Mixed Platforms.Build.0 = Release|Win32
		{177AEED0-03FC-4016-9000-7EA43EB1ED01}.Release|Win32.ActiveCfg = Release|Win32
		{177AEED0-03FC-4016-9000-7EA43EB1ED01}.Release|Win32.Build.0 = Release|Win32
		{177AEED0-03FC-4016-9000-7EA43EB1ED01}.Release|x64.ActiveCfg = Release|Win32
		{177AEED0-03FC-4016-9000-7EA43EB1ED01}.xp|Any CPU.ActiveCfg = Release|Win32
		{177AEED0-03FC-4016-9000-7EA43EB1ED01}.xp|Mixed Platforms.ActiveCfg = Release|Win32
		{177AEED0-03FC-4016-9000-7EA43EB1ED01}.xp|Mixed Platforms.Build.0 = Release|Win32
		{177AEED0-03FC-4016-9000-7EA43EB1ED01}.xp|Win32.ActiveCfg = Release|Win32
		{177AEED0-03FC-4016-9000-7EA43EB1ED01}.xp|Win32.Build.0 = Release|Win32
		{177AEED0-03FC-4016-9000-7EA43EB1ED01}.xp|x64.ActiveCfg = Release|Win32
		{3F8E3A76-CD50-42F1-A7DE-8F5CF68E9A47}.Debug|Any CPU.ActiveCfg = Debug|Win32
		{3F8E3A76-CD50-42F1-A7DE-8F5CF68E9A47}.Debug|Mixed Platforms.ActiveCfg = Debug|Win32
		{3F8E3A76-CD50-42F1-A7DE-8F5CF68E9A47}.Debug|Mixed Platforms.Build.0 = Debug|Win32
		{3F8E3A76-CD50-42F1-A7DE-8F5CF68E9A47}.Debug|Win32.ActiveCfg = Debug|Win32
		{3F8E3A76-CD50-42F1-A7DE-8F5CF68E9A47}.Debug|Win32.Build.0 = Debug|Win32
		{3F8E3A76-CD50-42F1-A7DE-8F5CF68E9A47}.Debug|x64.ActiveCfg = Debug|Win32
		{3F8E3A76-CD50-42F1-A7DE-8F5CF68E9A47}.Release|Any CPU.ActiveCfg = Release|Win32
		{3F8E3A76-CD50-42F1-A7DE-8F5CF68E9A47}.Release|Mixed Platforms.ActiveCfg = Release|Win32
		{3F8E3A76-CD50-42F1-A7DE-8F5CF68E9A47}.Release|Mixed Platforms.Build.0 = Release|Win32
		{3F8E3A76-CD50-42F1-A7DE-8F5CF68E9A47}.Release|Win32.ActiveCfg = Release|Win32
		{3F8E3A76-CD50-42F1-A7DE-8F5CF68E9A47}.Release|Win32.Build.0 = Release|Win32
		{3F8E3A76-CD50-42F1-A7DE-8F5CF68E9A47}.Release|x64.ActiveCfg = Release|Win32
		{3F8E3A76-CD50-42F1-A7DE-8F5CF68E9A47}.xp|Any CPU.ActiveCfg = Release|Win32
		{3F8E3A76-CD50-42F1-A7DE-8F5CF68E9A47}.xp|Mixed Platforms.ActiveCfg = Release|Win32
		{3F8E3A76-CD50-42F1-A7DE-8F5CF68E9A47}.xp|Mixed Platforms.Build.0 = Release|Win32
		{3F8E3A76-CD50-42F1-A7DE-8F5CF68E9A47}.xp|Win32.ActiveCfg = Release|Win32
		{3F8E3A76-CD50-42F1-A7DE-8F5CF68E9A47}.xp|Win32.Build.0 = Release|Win32
		{3F8E3A76-CD50-42F1-A7DE-8F5CF68E9A47}.xp|x64.ActiveCfg = Release|Win32
		{351A20C5-5C02-4891-8AD9-E4F5FF7C9D1B}.Debug|Any CPU.ActiveCfg = Debug|Win32
		{351A20C5-5C02-4891-8AD9-E4F5FF7C9D1B}.Debug|Mixed Platforms.ActiveCfg = Debug|Win32
		{351A20C5-5C02-4891-8AD9-E4F5FF7C9D1B}.Debug|Mixed Platforms.Build.0 = Debug|Win32
		{351A20C5-5C02-4891-8AD9-E4F5FF7C9D1B}.Debug|Win32.ActiveCfg = Debug|Win32
		{351A20C5-5C02-4891-8AD9-E4F5FF7C9D1B}.Debug|Win32.Build.0 = Debug|Win32
		{351A20C5-5C02-4891-8AD9-E4F5FF7C9D1B}.Debug|x64.ActiveCfg = Debug|Win32
		{351A20C5-5C02-4891-8AD9-E4F5FF7C9D1B}.Release|Any CPU.ActiveCfg = Release|Win32
		{351A20C5-5C02-4891-8AD9-E4F5FF7C9D1B}.Release|Mixed Platforms.ActiveCfg = Release|Win32
		{351A20C5-5C02-4891-8AD9-E4F5FF7C9D1B}.Release|Mixed Platforms.Build.0 = Release|Win32
		{351A20C5-5C02-4891-8AD9-E4F5FF7C9D1B}.Release|Win32.ActiveCfg = Release|Win32
		{351A20C5-5C02-4891-8AD9-E4F5FF7C9D1B}.Release|Win32.Build.0 = Release|Win32
		{351A20C5-5C02-4891-8AD9-E4F5FF7C9D1B}.Release|x64.ActiveCfg = Release|Win32
		{351A20C5-5C02-4891-8AD9-E4F5FF7C9D1B}.xp|Any CPU.ActiveCfg = Release|Win32
		{351A20C5-5C02-4891-8AD9-E4F5FF7C9D1B}.xp|Mixed Platforms.ActiveCfg = Release|Win32
		{351A20C5-5C02-4891-8AD9-E4F5FF7C9D1B}.xp|Mixed Platforms.Build.0 = Release|Win32
		{351A20C5-5C02-4891-8AD9-E4F5FF7C9D1B}.xp|Win32.ActiveCfg = Release|Win32
		{351A20C5-5C02-4891-8AD9-E4F5FF7C9D1B}.xp|Win32.Build.0 = Release|Win32
		{351A20C5-5C02-4891-8AD9-E4F5FF7C9D1B}.xp|x64.ActiveCfg = Release|Win32
		{0D73D46F-36EB-4B0A-8822-14CC28C9AAB9}.Debug|Any CPU.ActiveCfg = Debug|Win32
		{0D73D46F-36EB-4B0A-8822-14CC28C9AAB9}.Debug|Mixed Platforms.ActiveCfg = Debug|Win32
		{0D73D46F-36EB-4B0A-8822-14CC28C9AAB9}.Debug|Mixed Platforms.Build.0 = Debug|Win32
		{0D73D46F-36EB-4B0A-8822-14CC28C9AAB9}.Debug|Win32.ActiveCfg = Debug|Win32
		{0D73D46F-36EB-4B0A-8822-14CC28C9AAB9}.Debug|Win32.Build.0 = Debug|Win32
		{0D73D46F-36EB-4B0A-8822-14CC28C9AAB9}.Debug|x64.ActiveCfg = Debug|Win32
		{0D73D46F-36EB-4B0A-8822-14CC28C9AAB9}.Release|Any CPU.ActiveCfg = Release|Win32
		{0D73D46F-36EB-4B0A-8822-14CC28C9AAB9}.Release|Mixed Platforms.ActiveCfg = Release|Win32
		{0D73D46F-36EB-4B0A-8822-14CC28C9AAB9}.Release|Mixed Platforms.Build.0 = Release|Win32
		{0D73D46F-36EB-4B0A-8822-14CC28C9AAB9}.Release|Win32.ActiveCfg = Release|Win32
		{0D73D46F-36EB-4B0A-8822-14CC28C9AAB9}.Release|Win32.Build.0 = Release|Win32
		{0D73D46F-36EB-4B0A-8822-14CC28C9AAB9}.Release|x64.ActiveCfg = Release|Win32
		{0D73D46F-36EB-4B0A-8822-14CC28C9AAB9}.xp|Any CPU.ActiveCfg = Release|Win32
		{0D73D46F-36EB-4B0A-8822-14CC28C9AAB9}.xp|Mixed Platforms.ActiveCfg = Release|Win32
		{0D73D46F-36EB-4B0A-8822-14CC28C9AAB9}.xp|Mixed Platforms.Build.0 = Release|Win32
		{0D73D46F-36EB-4B0A-8822-14CC28C9AAB9}.xp|Win32.ActiveCfg = Release|Win32
		{0D73D46F-36EB-4B0A-8822-14CC28C9AAB9}.xp|Win32.Build.0 = Release|Win32
		{0D73D46F-36EB-4B0A-8822-14CC28C9AAB9}.xp|x64.ActiveCfg = Release|Win32
	EndGlobalSection
	GlobalSection(SolutionProperties) = preSolution
		HideSolutionNode = FALSE
	EndGlobalSection
	GlobalSection(NestedProjects) = preSolution
		{68202A9F-D6CE-4D1A-B46F-EABE108213AA} = {5C8DBA4D-B799-47DA-AFFE-1869A7141339}
		{D3B67796-62C1-4E1B-B582-135DA78DA0AA} = {5C8DBA4D-B799-47DA-AFFE-1869A7141339}
		{04CC5CF2-9947-49EE-B9CC-72467447E78E} = {A28E654A-A58A-40D2-9858-13311BEB3121}
		{177AEED0-03FC-4016-9000-7EA43EB1ED01} = {5C8DBA4D-B799-47DA-AFFE-1869A7141339}
		{3F8E3A76-CD50-42F1-A7DE-8F5CF68E9A47} = {3F3B4849-4AAF-458B-BC5E-F50E7F313D0C}
		{351A20C5-5C02-4891-8AD9-E4F5FF7C9D1B} = {3F3B4849-4AAF-458B-BC5E-F50E7F313D0C}
		{0D73D46F-36EB-4B0A-8822-14CC28C9AAB9} = {A28E654A-A58A-40D2-9858-13311BEB3121}
	EndGlobalSection
EndGlobal
